
Microsoft Visual Studio Solution File, Format Version 12.00
Project("{FAE04EC0-301F-11D3-BF4B-00C04F79EFBC}") = "KisaragiTech.Darp", "KisaragiTech.Darp\KisaragiTech.Darp.csproj", "{847E1E12-5B38-49CB-BB66-9B457086533F}"
EndProject
Global
	GlobalSection(SolutionConfigurationPlatforms) = preSolution
		Debug|Any CPU = Debug|Any CPU
		Release|Any CPU = Release|Any CPU
	EndGlobalSection
	GlobalSection(ProjectConfigurationPlatforms) = postSolution
		{847E1E12-5B38-49CB-BB66-9B457086533F}.Debug|Any CPU.ActiveCfg = Debug|Any CPU
		{847E1E12-5B38-49CB-BB66-9B457086533F}.Debug|Any CPU.Build.0 = Debug|Any CPU
		{847E1E12-5B38-49CB-BB66-9B457086533F}.Release|Any CPU.ActiveCfg = Release|Any CPU
		{847E1E12-5B38-49CB-BB66-9B457086533F}.Release|Any CPU.Build.0 = Release|Any CPU
	EndGlobalSection
EndGlobal
